
Microsoft Visual Studio Solution File, Format Version 12.00
# Visual Studio Version 17
VisualStudioVersion = 17.3.32825.248
MinimumVisualStudioVersion = 10.0.40219.1
Project("{8BC9CEB8-8B4A-11D0-8D11-00A0C91BC942}") = "EX1-0", "EX1-0\EX1-0.vcxproj", "{34E0BAB2-8C44-47A2-BA2A-9474302782C4}"
EndProject
Project("{8BC9CEB8-8B4A-11D0-8D11-00A0C91BC942}") = "EX1-1", "EX1-1\EX1-1.vcxproj", "{387A371A-A4A0-4B2D-8510-0A02FEB97735}"
EndProject
Project("{8BC9CEB8-8B4A-11D0-8D11-00A0C91BC942}") = "EX1-2", "EX1-2\EX1-2.vcxproj", "{936530DC-460E-4285-8D4F-FD2496C843EC}"
EndProject
Project("{8BC9CEB8-8B4A-11D0-8D11-00A0C91BC942}") = "EX2-2", "EX2-2\EX2-2.vcxproj", "{2B744A2F-4686-403B-987C-0199F4C61AC8}"
EndProject
Project("{8BC9CEB8-8B4A-11D0-8D11-00A0C91BC942}") = "EX2-3", "EX2-3\EX2-3.vcxproj", "{F1E5D881-E666-40E3-BCF4-E9465D141DD3}"
EndProject
Project("{8BC9CEB8-8B4A-11D0-8D11-00A0C91BC942}") = "EX2-4", "EX2-4\EX2-4.vcxproj", "{3E3D690D-8FE8-4E02-BA3F-A58A36C467A8}"
EndProject
Project("{8BC9CEB8-8B4A-11D0-8D11-00A0C91BC942}") = "EX2-5", "EX2-5\EX2-5.vcxproj", "{FD6D9B81-9A18-4A7B-A243-66928F784824}"
EndProject
Project("{8BC9CEB8-8B4A-11D0-8D11-00A0C91BC942}") = "EX2-6", "EX2-6\EX2-6.vcxproj", "{EC85D58B-897C-4E8A-8AB3-27FA2D13F216}"
EndProject
Project("{8BC9CEB8-8B4A-11D0-8D11-00A0C91BC942}") = "EX2-7", "EX2-7\EX2-7.vcxproj", "{53834A94-DF7C-4978-8C44-ADD30A3F742F}"
EndProject
Project("{8BC9CEB8-8B4A-11D0-8D11-00A0C91BC942}") = "Home-EX-1-1", "Home-EX-1-1\Home-EX-1-1.vcxproj", "{CFF5728C-05A8-4E32-9CF1-4C6FAC3172C5}"
EndProject
Project("{8BC9CEB8-8B4A-11D0-8D11-00A0C91BC942}") = "Home-EX-1-2", "Home-EX-1-2\Home-EX-1-2.vcxproj", "{6CC86846-D878-4B34-AD78-8B6A89727D93}"
EndProject
Project("{8BC9CEB8-8B4A-11D0-8D11-00A0C91BC942}") = "Home-EX-1-3", "Home-EX-1-3\Home-EX-1-3.vcxproj", "{0A008FBE-B461-4668-8C33-8C148542FDA2}"
EndProject
Project("{8BC9CEB8-8B4A-11D0-8D11-00A0C91BC942}") = "Home-EX-1-4", "Home-EX-1-4\Home-EX-1-4.vcxproj", "{73AF309A-CB97-4829-BB4C-674A0F5D3DE5}"
EndProject
Project("{8BC9CEB8-8B4A-11D0-8D11-00A0C91BC942}") = "Home-EX-1-5", "Home-EX-1-5\Home-EX-1-5.vcxproj", "{78EB3C59-1175-4375-A360-496A24CB1A4F}"
EndProject
Project("{8BC9CEB8-8B4A-11D0-8D11-00A0C91BC942}") = "Home-EX-2-1", "Home-EX-2-1\Home-EX-2-1.vcxproj", "{DD51ABBF-3596-4C07-9AFE-87F810E9D238}"
EndProject
Project("{8BC9CEB8-8B4A-11D0-8D11-00A0C91BC942}") = "Home-EX-2-2", "Home-EX-2-2\Home-EX-2-2.vcxproj", "{07E80CE3-92C6-4CE3-BCC5-823302701DE6}"
EndProject
Project("{8BC9CEB8-8B4A-11D0-8D11-00A0C91BC942}") = "Home-EX-2-3", "Home-EX-2-3\Home-EX-2-3.vcxproj", "{F6115F54-AF89-457F-9D10-53AB68128C12}"
EndProject
Project("{8BC9CEB8-8B4A-11D0-8D11-00A0C91BC942}") = "Home-EX-2-4", "Home-EX-2-4\Home-EX-2-4.vcxproj", "{912A9D9A-84AA-44F9-BECE-47F55BD90C69}"
EndProject
Project("{8BC9CEB8-8B4A-11D0-8D11-00A0C91BC942}") = "Home-EX-2-5", "Home-EX-2-5\Home-EX-2-5.vcxproj", "{76BFAB57-47A3-4B63-AB37-E9B73986B4D7}"
EndProject
Project("{8BC9CEB8-8B4A-11D0-8D11-00A0C91BC942}") = "Home-EX-2-6", "Home-EX-2-6\Home-EX-2-6.vcxproj", "{81B9FD55-B687-44BC-A785-DAECF0613CFF}"
EndProject
Project("{8BC9CEB8-8B4A-11D0-8D11-00A0C91BC942}") = "EX-3-1", "EX-3-1\EX-3-1.vcxproj", "{79B0FD20-1F66-4F65-8F0E-B30BCF394A65}"
EndProject
Global
	GlobalSection(SolutionConfigurationPlatforms) = preSolution
		Debug|x64 = Debug|x64
		Debug|x86 = Debug|x86
		Release|x64 = Release|x64
		Release|x86 = Release|x86
	EndGlobalSection
	GlobalSection(ProjectConfigurationPlatforms) = postSolution
		{34E0BAB2-8C44-47A2-BA2A-9474302782C4}.Debug|x64.ActiveCfg = Debug|x64
		{34E0BAB2-8C44-47A2-BA2A-9474302782C4}.Debug|x64.Build.0 = Debug|x64
		{34E0BAB2-8C44-47A2-BA2A-9474302782C4}.Debug|x86.ActiveCfg = Debug|Win32
		{34E0BAB2-8C44-47A2-BA2A-9474302782C4}.Debug|x86.Build.0 = Debug|Win32
		{34E0BAB2-8C44-47A2-BA2A-9474302782C4}.Release|x64.ActiveCfg = Release|x64
		{34E0BAB2-8C44-47A2-BA2A-9474302782C4}.Release|x64.Build.0 = Release|x64
		{34E0BAB2-8C44-47A2-BA2A-9474302782C4}.Release|x86.ActiveCfg = Release|Win32
		{34E0BAB2-8C44-47A2-BA2A-9474302782C4}.Release|x86.Build.0 = Release|Win32
		{387A371A-A4A0-4B2D-8510-0A02FEB97735}.Debug|x64.ActiveCfg = Debug|x64
		{387A371A-A4A0-4B2D-8510-0A02FEB97735}.Debug|x64.Build.0 = Debug|x64
		{387A371A-A4A0-4B2D-8510-0A02FEB97735}.Debug|x86.ActiveCfg = Debug|Win32
		{387A371A-A4A0-4B2D-8510-0A02FEB97735}.Debug|x86.Build.0 = Debug|Win32
		{387A371A-A4A0-4B2D-8510-0A02FEB97735}.Release|x64.ActiveCfg = Release|x64
		{387A371A-A4A0-4B2D-8510-0A02FEB97735}.Release|x64.Build.0 = Release|x64
		{387A371A-A4A0-4B2D-8510-0A02FEB97735}.Release|x86.ActiveCfg = Release|Win32
		{387A371A-A4A0-4B2D-8510-0A02FEB97735}.Release|x86.Build.0 = Release|Win32
		{936530DC-460E-4285-8D4F-FD2496C843EC}.Debug|x64.ActiveCfg = Debug|x64
		{936530DC-460E-4285-8D4F-FD2496C843EC}.Debug|x64.Build.0 = Debug|x64
		{936530DC-460E-4285-8D4F-FD2496C843EC}.Debug|x86.ActiveCfg = Debug|Win32
		{936530DC-460E-4285-8D4F-FD2496C843EC}.Debug|x86.Build.0 = Debug|Win32
		{936530DC-460E-4285-8D4F-FD2496C843EC}.Release|x64.ActiveCfg = Release|x64
		{936530DC-460E-4285-8D4F-FD2496C843EC}.Release|x64.Build.0 = Release|x64
		{936530DC-460E-4285-8D4F-FD2496C843EC}.Release|x86.ActiveCfg = Release|Win32
		{936530DC-460E-4285-8D4F-FD2496C843EC}.Release|x86.Build.0 = Release|Win32
		{2B744A2F-4686-403B-987C-0199F4C61AC8}.Debug|x64.ActiveCfg = Debug|x64
		{2B744A2F-4686-403B-987C-0199F4C61AC8}.Debug|x64.Build.0 = Debug|x64
		{2B744A2F-4686-403B-987C-0199F4C61AC8}.Debug|x86.ActiveCfg = Debug|Win32
		{2B744A2F-4686-403B-987C-0199F4C61AC8}.Debug|x86.Build.0 = Debug|Win32
		{2B744A2F-4686-403B-987C-0199F4C61AC8}.Release|x64.ActiveCfg = Release|x64
		{2B744A2F-4686-403B-987C-0199F4C61AC8}.Release|x64.Build.0 = Release|x64
		{2B744A2F-4686-403B-987C-0199F4C61AC8}.Release|x86.ActiveCfg = Release|Win32
		{2B744A2F-4686-403B-987C-0199F4C61AC8}.Release|x86.Build.0 = Release|Win32
		{F1E5D881-E666-40E3-BCF4-E9465D141DD3}.Debug|x64.ActiveCfg = Debug|x64
		{F1E5D881-E666-40E3-BCF4-E9465D141DD3}.Debug|x64.Build.0 = Debug|x64
		{F1E5D881-E666-40E3-BCF4-E9465D141DD3}.Debug|x86.ActiveCfg = Debug|Win32
		{F1E5D881-E666-40E3-BCF4-E9465D141DD3}.Debug|x86.Build.0 = Debug|Win32
		{F1E5D881-E666-40E3-BCF4-E9465D141DD3}.Release|x64.ActiveCfg = Release|x64
		{F1E5D881-E666-40E3-BCF4-E9465D141DD3}.Release|x64.Build.0 = Release|x64
		{F1E5D881-E666-40E3-BCF4-E9465D141DD3}.Release|x86.ActiveCfg = Release|Win32
		{F1E5D881-E666-40E3-BCF4-E9465D141DD3}.Release|x86.Build.0 = Release|Win32
		{3E3D690D-8FE8-4E02-BA3F-A58A36C467A8}.Debug|x64.ActiveCfg = Debug|x64
		{3E3D690D-8FE8-4E02-BA3F-A58A36C467A8}.Debug|x64.Build.0 = Debug|x64
		{3E3D690D-8FE8-4E02-BA3F-A58A36C467A8}.Debug|x86.ActiveCfg = Debug|Win32
		{3E3D690D-8FE8-4E02-BA3F-A58A36C467A8}.Debug|x86.Build.0 = Debug|Win32
		{3E3D690D-8FE8-4E02-BA3F-A58A36C467A8}.Release|x64.ActiveCfg = Release|x64
		{3E3D690D-8FE8-4E02-BA3F-A58A36C467A8}.Release|x64.Build.0 = Release|x64
		{3E3D690D-8FE8-4E02-BA3F-A58A36C467A8}.Release|x86.ActiveCfg = Release|Win32
		{3E3D690D-8FE8-4E02-BA3F-A58A36C467A8}.Release|x86.Build.0 = Release|Win32
		{FD6D9B81-9A18-4A7B-A243-66928F784824}.Debug|x64.ActiveCfg = Debug|x64
		{FD6D9B81-9A18-4A7B-A243-66928F784824}.Debug|x64.Build.0 = Debug|x64
		{FD6D9B81-9A18-4A7B-A243-66928F784824}.Debug|x86.ActiveCfg = Debug|Win32
		{FD6D9B81-9A18-4A7B-A243-66928F784824}.Debug|x86.Build.0 = Debug|Win32
		{FD6D9B81-9A18-4A7B-A243-66928F784824}.Release|x64.ActiveCfg = Release|x64
		{FD6D9B81-9A18-4A7B-A243-66928F784824}.Release|x64.Build.0 = Release|x64
		{FD6D9B81-9A18-4A7B-A243-66928F784824}.Release|x86.ActiveCfg = Release|Win32
		{FD6D9B81-9A18-4A7B-A243-66928F784824}.Release|x86.Build.0 = Release|Win32
		{EC85D58B-897C-4E8A-8AB3-27FA2D13F216}.Debug|x64.ActiveCfg = Debug|x64
		{EC85D58B-897C-4E8A-8AB3-27FA2D13F216}.Debug|x64.Build.0 = Debug|x64
		{EC85D58B-897C-4E8A-8AB3-27FA2D13F216}.Debug|x86.ActiveCfg = Debug|Win32
		{EC85D58B-897C-4E8A-8AB3-27FA2D13F216}.Debug|x86.Build.0 = Debug|Win32
		{EC85D58B-897C-4E8A-8AB3-27FA2D13F216}.Release|x64.ActiveCfg = Release|x64
		{EC85D58B-897C-4E8A-8AB3-27FA2D13F216}.Release|x64.Build.0 = Release|x64
		{EC85D58B-897C-4E8A-8AB3-27FA2D13F216}.Release|x86.ActiveCfg = Release|Win32
		{EC85D58B-897C-4E8A-8AB3-27FA2D13F216}.Release|x86.Build.0 = Release|Win32
		{53834A94-DF7C-4978-8C44-ADD30A3F742F}.Debug|x64.ActiveCfg = Debug|x64
		{53834A94-DF7C-4978-8C44-ADD30A3F742F}.Debug|x64.Build.0 = Debug|x64
		{53834A94-DF7C-4978-8C44-ADD30A3F742F}.Debug|x86.ActiveCfg = Debug|Win32
		{53834A94-DF7C-4978-8C44-ADD30A3F742F}.Debug|x86.Build.0 = Debug|Win32
		{53834A94-DF7C-4978-8C44-ADD30A3F742F}.Release|x64.ActiveCfg = Release|x64
		{53834A94-DF7C-4978-8C44-ADD30A3F742F}.Release|x64.Build.0 = Release|x64
		{53834A94-DF7C-4978-8C44-ADD30A3F742F}.Release|x86.ActiveCfg = Release|Win32
		{53834A94-DF7C-4978-8C44-ADD30A3F742F}.Release|x86.Build.0 = Release|Win32
		{CFF5728C-05A8-4E32-9CF1-4C6FAC3172C5}.Debug|x64.ActiveCfg = Debug|x64
		{CFF5728C-05A8-4E32-9CF1-4C6FAC3172C5}.Debug|x64.Build.0 = Debug|x64
		{CFF5728C-05A8-4E32-9CF1-4C6FAC3172C5}.Debug|x86.ActiveCfg = Debug|Win32
		{CFF5728C-05A8-4E32-9CF1-4C6FAC3172C5}.Debug|x86.Build.0 = Debug|Win32
		{CFF5728C-05A8-4E32-9CF1-4C6FAC3172C5}.Release|x64.ActiveCfg = Release|x64
		{CFF5728C-05A8-4E32-9CF1-4C6FAC3172C5}.Release|x64.Build.0 = Release|x64
		{CFF5728C-05A8-4E32-9CF1-4C6FAC3172C5}.Release|x86.ActiveCfg = Release|Win32
		{CFF5728C-05A8-4E32-9CF1-4C6FAC3172C5}.Release|x86.Build.0 = Release|Win32
		{6CC86846-D878-4B34-AD78-8B6A89727D93}.Debug|x64.ActiveCfg = Debug|x64
		{6CC86846-D878-4B34-AD78-8B6A89727D93}.Debug|x64.Build.0 = Debug|x64
		{6CC86846-D878-4B34-AD78-8B6A89727D93}.Debug|x86.ActiveCfg = Debug|Win32
		{6CC86846-D878-4B34-AD78-8B6A89727D93}.Debug|x86.Build.0 = Debug|Win32
		{6CC86846-D878-4B34-AD78-8B6A89727D93}.Release|x64.ActiveCfg = Release|x64
		{6CC86846-D878-4B34-AD78-8B6A89727D93}.Release|x64.Build.0 = Release|x64
		{6CC86846-D878-4B34-AD78-8B6A89727D93}.Release|x86.ActiveCfg = Release|Win32
		{6CC86846-D878-4B34-AD78-8B6A89727D93}.Release|x86.Build.0 = Release|Win32
		{0A008FBE-B461-4668-8C33-8C148542FDA2}.Debug|x64.ActiveCfg = Debug|x64
		{0A008FBE-B461-4668-8C33-8C148542FDA2}.Debug|x64.Build.0 = Debug|x64
		{0A008FBE-B461-4668-8C33-8C148542FDA2}.Debug|x86.ActiveCfg = Debug|Win32
		{0A008FBE-B461-4668-8C33-8C148542FDA2}.Debug|x86.Build.0 = Debug|Win32
		{0A008FBE-B461-4668-8C33-8C148542FDA2}.Release|x64.ActiveCfg = Release|x64
		{0A008FBE-B461-4668-8C33-8C148542FDA2}.Release|x64.Build.0 = Release|x64
		{0A008FBE-B461-4668-8C33-8C148542FDA2}.Release|x86.ActiveCfg = Release|Win32
		{0A008FBE-B461-4668-8C33-8C148542FDA2}.Release|x86.Build.0 = Release|Win32
		{73AF309A-CB97-4829-BB4C-674A0F5D3DE5}.Debug|x64.ActiveCfg = Debug|x64
		{73AF309A-CB97-4829-BB4C-674A0F5D3DE5}.Debug|x64.Build.0 = Debug|x64
		{73AF309A-CB97-4829-BB4C-674A0F5D3DE5}.Debug|x86.ActiveCfg = Debug|Win32
		{73AF309A-CB97-4829-BB4C-674A0F5D3DE5}.Debug|x86.Build.0 = Debug|Win32
		{73AF309A-CB97-4829-BB4C-674A0F5D3DE5}.Release|x64.ActiveCfg = Release|x64
		{73AF309A-CB97-4829-BB4C-674A0F5D3DE5}.Release|x64.Build.0 = Release|x64
		{73AF309A-CB97-4829-BB4C-674A0F5D3DE5}.Release|x86.ActiveCfg = Release|Win32
		{73AF309A-CB97-4829-BB4C-674A0F5D3DE5}.Release|x86.Build.0 = Release|Win32
		{78EB3C59-1175-4375-A360-496A24CB1A4F}.Debug|x64.ActiveCfg = Debug|x64
		{78EB3C59-1175-4375-A360-496A24CB1A4F}.Debug|x64.Build.0 = Debug|x64
		{78EB3C59-1175-4375-A360-496A24CB1A4F}.Debug|x86.ActiveCfg = Debug|Win32
		{78EB3C59-1175-4375-A360-496A24CB1A4F}.Debug|x86.Build.0 = Debug|Win32
		{78EB3C59-1175-4375-A360-496A24CB1A4F}.Release|x64.ActiveCfg = Release|x64
		{78EB3C59-1175-4375-A360-496A24CB1A4F}.Release|x64.Build.0 = Release|x64
		{78EB3C59-1175-4375-A360-496A24CB1A4F}.Release|x86.ActiveCfg = Release|Win32
		{78EB3C59-1175-4375-A360-496A24CB1A4F}.Release|x86.Build.0 = Release|Win32
		{DD51ABBF-3596-4C07-9AFE-87F810E9D238}.Debug|x64.ActiveCfg = Debug|x64
		{DD51ABBF-3596-4C07-9AFE-87F810E9D238}.Debug|x64.Build.0 = Debug|x64
		{DD51ABBF-3596-4C07-9AFE-87F810E9D238}.Debug|x86.ActiveCfg = Debug|Win32
		{DD51ABBF-3596-4C07-9AFE-87F810E9D238}.Debug|x86.Build.0 = Debug|Win32
		{DD51ABBF-3596-4C07-9AFE-87F810E9D238}.Release|x64.ActiveCfg = Release|x64
		{DD51ABBF-3596-4C07-9AFE-87F810E9D238}.Release|x64.Build.0 = Release|x64
		{DD51ABBF-3596-4C07-9AFE-87F810E9D238}.Release|x86.ActiveCfg = Release|Win32
		{DD51ABBF-3596-4C07-9AFE-87F810E9D238}.Release|x86.Build.0 = Release|Win32
		{07E80CE3-92C6-4CE3-BCC5-823302701DE6}.Debug|x64.ActiveCfg = Debug|x64
		{07E80CE3-92C6-4CE3-BCC5-823302701DE6}.Debug|x64.Build.0 = Debug|x64
		{07E80CE3-92C6-4CE3-BCC5-823302701DE6}.Debug|x86.ActiveCfg = Debug|Win32
		{07E80CE3-92C6-4CE3-BCC5-823302701DE6}.Debug|x86.Build.0 = Debug|Win32
		{07E80CE3-92C6-4CE3-BCC5-823302701DE6}.Release|x64.ActiveCfg = Release|x64
		{07E80CE3-92C6-4CE3-BCC5-823302701DE6}.Release|x64.Build.0 = Release|x64
		{07E80CE3-92C6-4CE3-BCC5-823302701DE6}.Release|x86.ActiveCfg = Release|Win32
		{07E80CE3-92C6-4CE3-BCC5-823302701DE6}.Release|x86.Build.0 = Release|Win32
		{F6115F54-AF89-457F-9D10-53AB68128C12}.Debug|x64.ActiveCfg = Debug|x64
		{F6115F54-AF89-457F-9D10-53AB68128C12}.Debug|x64.Build.0 = Debug|x64
		{F6115F54-AF89-457F-9D10-53AB68128C12}.Debug|x86.ActiveCfg = Debug|Win32
		{F6115F54-AF89-457F-9D10-53AB68128C12}.Debug|x86.Build.0 = Debug|Win32
		{F6115F54-AF89-457F-9D10-53AB68128C12}.Release|x64.ActiveCfg = Release|x64
		{F6115F54-AF89-457F-9D10-53AB68128C12}.Release|x64.Build.0 = Release|x64
		{F6115F54-AF89-457F-9D10-53AB68128C12}.Release|x86.ActiveCfg = Release|Win32
		{F6115F54-AF89-457F-9D10-53AB68128C12}.Release|x86.Build.0 = Release|Win32
		{912A9D9A-84AA-44F9-BECE-47F55BD90C69}.Debug|x64.ActiveCfg = Debug|x64
		{912A9D9A-84AA-44F9-BECE-47F55BD90C69}.Debug|x64.Build.0 = Debug|x64
		{912A9D9A-84AA-44F9-BECE-47F55BD90C69}.Debug|x86.ActiveCfg = Debug|Win32
		{912A9D9A-84AA-44F9-BECE-47F55BD90C69}.Debug|x86.Build.0 = Debug|Win32
		{912A9D9A-84AA-44F9-BECE-47F55BD90C69}.Release|x64.ActiveCfg = Release|x64
		{912A9D9A-84AA-44F9-BECE-47F55BD90C69}.Release|x64.Build.0 = Release|x64
		{912A9D9A-84AA-44F9-BECE-47F55BD90C69}.Release|x86.ActiveCfg = Release|Win32
		{912A9D9A-84AA-44F9-BECE-47F55BD90C69}.Release|x86.Build.0 = Release|Win32
		{76BFAB57-47A3-4B63-AB37-E9B73986B4D7}.Debug|x64.ActiveCfg = Debug|x64
		{76BFAB57-47A3-4B63-AB37-E9B73986B4D7}.Debug|x64.Build.0 = Debug|x64
		{76BFAB57-47A3-4B63-AB37-E9B73986B4D7}.Debug|x86.ActiveCfg = Debug|Win32
		{76BFAB57-47A3-4B63-AB37-E9B73986B4D7}.Debug|x86.Build.0 = Debug|Win32
		{76BFAB57-47A3-4B63-AB37-E9B73986B4D7}.Release|x64.ActiveCfg = Release|x64
		{76BFAB57-47A3-4B63-AB37-E9B73986B4D7}.Release|x64.Build.0 = Release|x64
		{76BFAB57-47A3-4B63-AB37-E9B73986B4D7}.Release|x86.ActiveCfg = Release|Win32
		{76BFAB57-47A3-4B63-AB37-E9B73986B4D7}.Release|x86.Build.0 = Release|Win32
		{81B9FD55-B687-44BC-A785-DAECF0613CFF}.Debug|x64.ActiveCfg = Debug|x64
		{81B9FD55-B687-44BC-A785-DAECF0613CFF}.Debug|x64.Build.0 = Debug|x64
		{81B9FD55-B687-44BC-A785-DAECF0613CFF}.Debug|x86.ActiveCfg = Debug|Win32
		{81B9FD55-B687-44BC-A785-DAECF0613CFF}.Debug|x86.Build.0 = Debug|Win32
		{81B9FD55-B687-44BC-A785-DAECF0613CFF}.Release|x64.ActiveCfg = Release|x64
		{81B9FD55-B687-44BC-A785-DAECF0613CFF}.Release|x64.Build.0 = Release|x64
		{81B9FD55-B687-44BC-A785-DAECF0613CFF}.Release|x86.ActiveCfg = Release|Win32
		{81B9FD55-B687-44BC-A785-DAECF0613CFF}.Release|x86.Build.0 = Release|Win32
		{79B0FD20-1F66-4F65-8F0E-B30BCF394A65}.Debug|x64.ActiveCfg = Debug|x64
		{79B0FD20-1F66-4F65-8F0E-B30BCF394A65}.Debug|x64.Build.0 = Debug|x64
		{79B0FD20-1F66-4F65-8F0E-B30BCF394A65}.Debug|x86.ActiveCfg = Debug|Win32
		{79B0FD20-1F66-4F65-8F0E-B30BCF394A65}.Debug|x86.Build.0 = Debug|Win32
		{79B0FD20-1F66-4F65-8F0E-B30BCF394A65}.Release|x64.ActiveCfg = Release|x64
		{79B0FD20-1F66-4F65-8F0E-B30BCF394A65}.Release|x64.Build.0 = Release|x64
		{79B0FD20-1F66-4F65-8F0E-B30BCF394A65}.Release|x86.ActiveCfg = Release|Win32
		{79B0FD20-1F66-4F65-8F0E-B30BCF394A65}.Release|x86.Build.0 = Release|Win32
	EndGlobalSection
	GlobalSection(SolutionProperties) = preSolution
		HideSolutionNode = FALSE
	EndGlobalSection
	GlobalSection(ExtensibilityGlobals) = postSolution
		SolutionGuid = {880CC711-B336-48B5-B373-B2D2E66F0E5F}
	EndGlobalSection
EndGlobal
